{
  "name": "test-install",
  "version": "1.0.0",
  "lockfileVersion": 3,
  "requires": true,
  "packages": {
    "": {
      "name": "test-install",
      "version": "1.0.0",
      "license": "ISC",
      "dependencies": {
        "vanatime": "file:../vanatime-1.0.0.tgz"
      }
    },
    "node_modules/vanatime": {
      "version": "1.0.0",
      "resolved": "file:../vanatime-1.0.0.tgz",
      "integrity": "sha512-KoP9bo8vwOR8OnqM5lf7VnRemTUEb9H95ieWPK9XWLu1UWrnmclZqLFqsWqjnC98CgVgAEYxjaE4i8Ft4outNg==",
      "license": "MIT"
    }
  }
}
